// !$*UTF8*$!
{
	archiveVersion = 1;
	classes = {
	};
	objectVersion = 56;
	objects = {

/* Begin PBXBuildFile section */
		1E4124662CA41779001E0A59 /* AkakceProductCollectionCell.swift in Sources */ = {isa = PBXBuildFile; fileRef = 1E4124652CA41779001E0A59 /* AkakceProductCollectionCell.swift */; };
		1E4124682CA41782001E0A59 /* AkakceProductCollectionCell.xib in Resources */ = {isa = PBXBuildFile; fileRef = 1E4124672CA41782001E0A59 /* AkakceProductCollectionCell.xib */; };
		1E690D7A2CA31543009F53F3 /* AppDelegate.swift in Sources */ = {isa = PBXBuildFile; fileRef = 1E690D792CA31543009F53F3 /* AppDelegate.swift */; };
		1E690D7C2CA31543009F53F3 /* SceneDelegate.swift in Sources */ = {isa = PBXBuildFile; fileRef = 1E690D7B2CA31543009F53F3 /* SceneDelegate.swift */; };
		1E690D832CA31544009F53F3 /* Assets.xcassets in Resources */ = {isa = PBXBuildFile; fileRef = 1E690D822CA31544009F53F3 /* Assets.xcassets */; };
		1E690D862CA31544009F53F3 /* LaunchScreen.storyboard in Resources */ = {isa = PBXBuildFile; fileRef = 1E690D842CA31544009F53F3 /* LaunchScreen.storyboard */; };
		1E690DAB2CA31612009F53F3 /* AkakceBaseViewController.swift in Sources */ = {isa = PBXBuildFile; fileRef = 1E690DAA2CA31612009F53F3 /* AkakceBaseViewController.swift */; };
		1E690DAD2CA3161E009F53F3 /* AkakceBaseViewModel.swift in Sources */ = {isa = PBXBuildFile; fileRef = 1E690DAC2CA3161E009F53F3 /* AkakceBaseViewModel.swift */; };
		1E690DB22CA31710009F53F3 /* ColorSet.swift in Sources */ = {isa = PBXBuildFile; fileRef = 1E690DB12CA31710009F53F3 /* ColorSet.swift */; };
		1E690DB52CA3180A009F53F3 /* Constants.swift in Sources */ = {isa = PBXBuildFile; fileRef = 1E690DB42CA3180A009F53F3 /* Constants.swift */; };
		1E690DB82CA31982009F53F3 /* NetworkManager.swift in Sources */ = {isa = PBXBuildFile; fileRef = 1E690DB72CA31982009F53F3 /* NetworkManager.swift */; };
		1E690DBB2CA31A8E009F53F3 /* Alamofire in Frameworks */ = {isa = PBXBuildFile; productRef = 1E690DBA2CA31A8E009F53F3 /* Alamofire */; };
		1E690DBE2CA31A9E009F53F3 /* SDWebImage in Frameworks */ = {isa = PBXBuildFile; productRef = 1E690DBD2CA31A9E009F53F3 /* SDWebImage */; };
		1E690DC12CA31C4C009F53F3 /* ProductsModel.swift in Sources */ = {isa = PBXBuildFile; fileRef = 1E690DC02CA31C4C009F53F3 /* ProductsModel.swift */; };
		1E690DC62CA31C9F009F53F3 /* AkakceProductListViewController.swift in Sources */ = {isa = PBXBuildFile; fileRef = 1E690DC52CA31C9F009F53F3 /* AkakceProductListViewController.swift */; };
		1E690DC72CA31C9F009F53F3 /* AkakceProductListViewController.swift in Sources */ = {isa = PBXBuildFile; fileRef = 1E690DC52CA31C9F009F53F3 /* AkakceProductListViewController.swift */; };
		1E690DC92CA31CA6009F53F3 /* AkakceProductListViewController.xib in Resources */ = {isa = PBXBuildFile; fileRef = 1E690DC82CA31CA6009F53F3 /* AkakceProductListViewController.xib */; };
		1E690DCA2CA31CA6009F53F3 /* AkakceProductListViewController.xib in Resources */ = {isa = PBXBuildFile; fileRef = 1E690DC82CA31CA6009F53F3 /* AkakceProductListViewController.xib */; };
		1E690DCC2CA31CBA009F53F3 /* AkakceProductListViewModel.swift in Sources */ = {isa = PBXBuildFile; fileRef = 1E690DCB2CA31CBA009F53F3 /* AkakceProductListViewModel.swift */; };
		1E690DCD2CA31CBA009F53F3 /* AkakceProductListViewModel.swift in Sources */ = {isa = PBXBuildFile; fileRef = 1E690DCB2CA31CBA009F53F3 /* AkakceProductListViewModel.swift */; };
		1E690DD12CA31CE2009F53F3 /* AkakceProductDetailViewController.swift in Sources */ = {isa = PBXBuildFile; fileRef = 1E690DD02CA31CE2009F53F3 /* AkakceProductDetailViewController.swift */; };
		1E690DD22CA31CE2009F53F3 /* AkakceProductDetailViewController.swift in Sources */ = {isa = PBXBuildFile; fileRef = 1E690DD02CA31CE2009F53F3 /* AkakceProductDetailViewController.swift */; };
		1E690DD42CA31CED009F53F3 /* AkakceProductDetailViewModel.swift in Sources */ = {isa = PBXBuildFile; fileRef = 1E690DD32CA31CED009F53F3 /* AkakceProductDetailViewModel.swift */; };
		1E690DD52CA31CED009F53F3 /* AkakceProductDetailViewModel.swift in Sources */ = {isa = PBXBuildFile; fileRef = 1E690DD32CA31CED009F53F3 /* AkakceProductDetailViewModel.swift */; };
		1E690DD72CA31CF8009F53F3 /* AkakceProductDetailViewController.xib in Resources */ = {isa = PBXBuildFile; fileRef = 1E690DD62CA31CF8009F53F3 /* AkakceProductDetailViewController.xib */; };
		1E690DD82CA31CF8009F53F3 /* AkakceProductDetailViewController.xib in Resources */ = {isa = PBXBuildFile; fileRef = 1E690DD62CA31CF8009F53F3 /* AkakceProductDetailViewController.xib */; };
		1E69CE2B2CA4C2240045176D /* Double+Extension.swift in Sources */ = {isa = PBXBuildFile; fileRef = 1E69CE2A2CA4C2240045176D /* Double+Extension.swift */; };
		1E69CE2E2CA4C6D60045176D /* StarRatingView.swift in Sources */ = {isa = PBXBuildFile; fileRef = 1E69CE2D2CA4C6D60045176D /* StarRatingView.swift */; };
		1E69CE302CA4C7F60045176D /* IconSet.swift in Sources */ = {isa = PBXBuildFile; fileRef = 1E69CE2F2CA4C7F60045176D /* IconSet.swift */; };
		1E69CE342CA4F7050045176D /* String+Extension.swift in Sources */ = {isa = PBXBuildFile; fileRef = 1E69CE332CA4F7050045176D /* String+Extension.swift */; };
		1E69CE372CA516F00045176D /* AkakceProductListViewModelTests.swift in Sources */ = {isa = PBXBuildFile; fileRef = 1E69CE362CA516F00045176D /* AkakceProductListViewModelTests.swift */; };
		1E69CE3A2CA518BA0045176D /* AkakceUITests.swift in Sources */ = {isa = PBXBuildFile; fileRef = 1E69CE392CA518BA0045176D /* AkakceUITests.swift */; };
		1E69CE3B2CA5195A0045176D /* AkakceProductCollectionCell.swift in Sources */ = {isa = PBXBuildFile; fileRef = 1E4124652CA41779001E0A59 /* AkakceProductCollectionCell.swift */; };
		1E69CE3D2CA519670045176D /* AkakceProductDetailViewController.swift in Sources */ = {isa = PBXBuildFile; fileRef = 1E690DD02CA31CE2009F53F3 /* AkakceProductDetailViewController.swift */; };
		1E69CE3F2CA5196F0045176D /* AkakceProductListViewController.swift in Sources */ = {isa = PBXBuildFile; fileRef = 1E690DC52CA31C9F009F53F3 /* AkakceProductListViewController.swift */; };
		1E69CE402CA519710045176D /* AkakceProductCollectionCell.swift in Sources */ = {isa = PBXBuildFile; fileRef = 1E4124652CA41779001E0A59 /* AkakceProductCollectionCell.swift */; };
		1E69CE412CA5198A0045176D /* StarRatingView.swift in Sources */ = {isa = PBXBuildFile; fileRef = 1E69CE2D2CA4C6D60045176D /* StarRatingView.swift */; };
		1E69CE422CA519990045176D /* ProductsModel.swift in Sources */ = {isa = PBXBuildFile; fileRef = 1E690DC02CA31C4C009F53F3 /* ProductsModel.swift */; };
		1E69CE432CA5199F0045176D /* AkakceBaseViewController.swift in Sources */ = {isa = PBXBuildFile; fileRef = 1E690DAA2CA31612009F53F3 /* AkakceBaseViewController.swift */; };
		1E69CE442CA519A60045176D /* AkakceBaseViewModel.swift in Sources */ = {isa = PBXBuildFile; fileRef = 1E690DAC2CA3161E009F53F3 /* AkakceBaseViewModel.swift */; };
		1E69CE452CA519AA0045176D /* NetworkManager.swift in Sources */ = {isa = PBXBuildFile; fileRef = 1E690DB72CA31982009F53F3 /* NetworkManager.swift */; };
		1E69CE462CA51A340045176D /* Constants.swift in Sources */ = {isa = PBXBuildFile; fileRef = 1E690DB42CA3180A009F53F3 /* Constants.swift */; };
		1E69CE472CA51AEC0045176D /* StarRatingView.swift in Sources */ = {isa = PBXBuildFile; fileRef = 1E69CE2D2CA4C6D60045176D /* StarRatingView.swift */; };
		1E69CE482CA51AF40045176D /* AkakceBaseViewController.swift in Sources */ = {isa = PBXBuildFile; fileRef = 1E690DAA2CA31612009F53F3 /* AkakceBaseViewController.swift */; };
		1E69CE492CA51AFC0045176D /* ColorSet.swift in Sources */ = {isa = PBXBuildFile; fileRef = 1E690DB12CA31710009F53F3 /* ColorSet.swift */; };
		1E69CE4A2CA51AFD0045176D /* ColorSet.swift in Sources */ = {isa = PBXBuildFile; fileRef = 1E690DB12CA31710009F53F3 /* ColorSet.swift */; };
		1E69CE4B2CA51B050045176D /* IconSet.swift in Sources */ = {isa = PBXBuildFile; fileRef = 1E69CE2F2CA4C7F60045176D /* IconSet.swift */; };
		1E69CE4C2CA51B050045176D /* IconSet.swift in Sources */ = {isa = PBXBuildFile; fileRef = 1E69CE2F2CA4C7F60045176D /* IconSet.swift */; };
		1E69CE4E2CA51DBD0045176D /* AkakceProductDetailViewModelTests.swift in Sources */ = {isa = PBXBuildFile; fileRef = 1E69CE4D2CA51DBD0045176D /* AkakceProductDetailViewModelTests.swift */; };
		1E69CE502CA547AD0045176D /* Main.storyboard in Resources */ = {isa = PBXBuildFile; fileRef = 1E69CE4F2CA547AD0045176D /* Main.storyboard */; };
/* End PBXBuildFile section */

/* Begin PBXContainerItemProxy section */
		1E690D8D2CA31544009F53F3 /* PBXContainerItemProxy */ = {
			isa = PBXContainerItemProxy;
			containerPortal = 1E690D6E2CA31543009F53F3 /* Project object */;
			proxyType = 1;
			remoteGlobalIDString = 1E690D752CA31543009F53F3;
			remoteInfo = Akakce;
		};
		1E690D972CA31544009F53F3 /* PBXContainerItemProxy */ = {
			isa = PBXContainerItemProxy;
			containerPortal = 1E690D6E2CA31543009F53F3 /* Project object */;
			proxyType = 1;
			remoteGlobalIDString = 1E690D752CA31543009F53F3;
			remoteInfo = Akakce;
		};
/* End PBXContainerItemProxy section */

/* Begin PBXFileReference section */
		1E4124652CA41779001E0A59 /* AkakceProductCollectionCell.swift */ = {isa = PBXFileReference; lastKnownFileType = sourcecode.swift; path = AkakceProductCollectionCell.swift; sourceTree = "<group>"; };
		1E4124672CA41782001E0A59 /* AkakceProductCollectionCell.xib */ = {isa = PBXFileReference; lastKnownFileType = file.xib; path = AkakceProductCollectionCell.xib; sourceTree = "<group>"; };
		1E690D762CA31543009F53F3 /* Akakce.app */ = {isa = PBXFileReference; explicitFileType = wrapper.application; includeInIndex = 0; path = Akakce.app; sourceTree = BUILT_PRODUCTS_DIR; };
		1E690D792CA31543009F53F3 /* AppDelegate.swift */ = {isa = PBXFileReference; lastKnownFileType = sourcecode.swift; path = AppDelegate.swift; sourceTree = "<group>"; };
		1E690D7B2CA31543009F53F3 /* SceneDelegate.swift */ = {isa = PBXFileReference; lastKnownFileType = sourcecode.swift; path = SceneDelegate.swift; sourceTree = "<group>"; };
		1E690D822CA31544009F53F3 /* Assets.xcassets */ = {isa = PBXFileReference; lastKnownFileType = folder.assetcatalog; path = Assets.xcassets; sourceTree = "<group>"; };
		1E690D852CA31544009F53F3 /* Base */ = {isa = PBXFileReference; lastKnownFileType = file.storyboard; name = Base; path = Base.lproj/LaunchScreen.storyboard; sourceTree = "<group>"; };
		1E690D872CA31544009F53F3 /* Info.plist */ = {isa = PBXFileReference; lastKnownFileType = text.plist.xml; path = Info.plist; sourceTree = "<group>"; };
		1E690D8C2CA31544009F53F3 /* AkakceTests.xctest */ = {isa = PBXFileReference; explicitFileType = wrapper.cfbundle; includeInIndex = 0; path = AkakceTests.xctest; sourceTree = BUILT_PRODUCTS_DIR; };
		1E690D962CA31544009F53F3 /* AkakceUITests.xctest */ = {isa = PBXFileReference; explicitFileType = wrapper.cfbundle; includeInIndex = 0; path = AkakceUITests.xctest; sourceTree = BUILT_PRODUCTS_DIR; };
		1E690DAA2CA31612009F53F3 /* AkakceBaseViewController.swift */ = {isa = PBXFileReference; lastKnownFileType = sourcecode.swift; path = AkakceBaseViewController.swift; sourceTree = "<group>"; };
		1E690DAC2CA3161E009F53F3 /* AkakceBaseViewModel.swift */ = {isa = PBXFileReference; lastKnownFileType = sourcecode.swift; path = AkakceBaseViewModel.swift; sourceTree = "<group>"; };
		1E690DB12CA31710009F53F3 /* ColorSet.swift */ = {isa = PBXFileReference; lastKnownFileType = sourcecode.swift; path = ColorSet.swift; sourceTree = "<group>"; };
		1E690DB42CA3180A009F53F3 /* Constants.swift */ = {isa = PBXFileReference; lastKnownFileType = sourcecode.swift; path = Constants.swift; sourceTree = "<group>"; };
		1E690DB72CA31982009F53F3 /* NetworkManager.swift */ = {isa = PBXFileReference; lastKnownFileType = sourcecode.swift; path = NetworkManager.swift; sourceTree = "<group>"; };
		1E690DC02CA31C4C009F53F3 /* ProductsModel.swift */ = {isa = PBXFileReference; lastKnownFileType = sourcecode.swift; path = ProductsModel.swift; sourceTree = "<group>"; };
		1E690DC52CA31C9F009F53F3 /* AkakceProductListViewController.swift */ = {isa = PBXFileReference; lastKnownFileType = sourcecode.swift; path = AkakceProductListViewController.swift; sourceTree = "<group>"; };
		1E690DC82CA31CA6009F53F3 /* AkakceProductListViewController.xib */ = {isa = PBXFileReference; lastKnownFileType = file.xib; path = AkakceProductListViewController.xib; sourceTree = "<group>"; };
		1E690DCB2CA31CBA009F53F3 /* AkakceProductListViewModel.swift */ = {isa = PBXFileReference; lastKnownFileType = sourcecode.swift; path = AkakceProductListViewModel.swift; sourceTree = "<group>"; };
		1E690DD02CA31CE2009F53F3 /* AkakceProductDetailViewController.swift */ = {isa = PBXFileReference; lastKnownFileType = sourcecode.swift; path = AkakceProductDetailViewController.swift; sourceTree = "<group>"; };
		1E690DD32CA31CED009F53F3 /* AkakceProductDetailViewModel.swift */ = {isa = PBXFileReference; lastKnownFileType = sourcecode.swift; path = AkakceProductDetailViewModel.swift; sourceTree = "<group>"; };
		1E690DD62CA31CF8009F53F3 /* AkakceProductDetailViewController.xib */ = {isa = PBXFileReference; lastKnownFileType = file.xib; path = AkakceProductDetailViewController.xib; sourceTree = "<group>"; };
		1E69CE2A2CA4C2240045176D /* Double+Extension.swift */ = {isa = PBXFileReference; lastKnownFileType = sourcecode.swift; path = "Double+Extension.swift"; sourceTree = "<group>"; };
		1E69CE2D2CA4C6D60045176D /* StarRatingView.swift */ = {isa = PBXFileReference; lastKnownFileType = sourcecode.swift; path = StarRatingView.swift; sourceTree = "<group>"; };
		1E69CE2F2CA4C7F60045176D /* IconSet.swift */ = {isa = PBXFileReference; lastKnownFileType = sourcecode.swift; path = IconSet.swift; sourceTree = "<group>"; };
		1E69CE332CA4F7050045176D /* String+Extension.swift */ = {isa = PBXFileReference; lastKnownFileType = sourcecode.swift; path = "String+Extension.swift"; sourceTree = "<group>"; };
		1E69CE362CA516F00045176D /* AkakceProductListViewModelTests.swift */ = {isa = PBXFileReference; lastKnownFileType = sourcecode.swift; path = AkakceProductListViewModelTests.swift; sourceTree = "<group>"; };
		1E69CE392CA518BA0045176D /* AkakceUITests.swift */ = {isa = PBXFileReference; lastKnownFileType = sourcecode.swift; path = AkakceUITests.swift; sourceTree = "<group>"; };
		1E69CE4D2CA51DBD0045176D /* AkakceProductDetailViewModelTests.swift */ = {isa = PBXFileReference; lastKnownFileType = sourcecode.swift; path = AkakceProductDetailViewModelTests.swift; sourceTree = "<group>"; };
		1E69CE4F2CA547AD0045176D /* Main.storyboard */ = {isa = PBXFileReference; lastKnownFileType = file.storyboard; path = Main.storyboard; sourceTree = "<group>"; };
/* End PBXFileReference section */

/* Begin PBXFrameworksBuildPhase section */
		1E690D732CA31543009F53F3 /* Frameworks */ = {
			isa = PBXFrameworksBuildPhase;
			buildActionMask = 2147483647;
			files = (
				1E690DBE2CA31A9E009F53F3 /* SDWebImage in Frameworks */,
				1E690DBB2CA31A8E009F53F3 /* Alamofire in Frameworks */,
			);
			runOnlyForDeploymentPostprocessing = 0;
		};
		1E690D892CA31544009F53F3 /* Frameworks */ = {
			isa = PBXFrameworksBuildPhase;
			buildActionMask = 2147483647;
			files = (
			);
			runOnlyForDeploymentPostprocessing = 0;
		};
		1E690D932CA31544009F53F3 /* Frameworks */ = {
			isa = PBXFrameworksBuildPhase;
			buildActionMask = 2147483647;
			files = (
			);
			runOnlyForDeploymentPostprocessing = 0;
		};
/* End PBXFrameworksBuildPhase section */

/* Begin PBXGroup section */
		1E4124642CA41768001E0A59 /* View */ = {
			isa = PBXGroup;
			children = (
				1E4124652CA41779001E0A59 /* AkakceProductCollectionCell.swift */,
				1E4124672CA41782001E0A59 /* AkakceProductCollectionCell.xib */,
			);
			path = View;
			sourceTree = "<group>";
		};
		1E690D6D2CA31543009F53F3 = {
			isa = PBXGroup;
			children = (
				1E690D782CA31543009F53F3 /* Akakce */,
				1E69CE382CA518800045176D /* AkakceUITests */,
				1E69CE352CA516C00045176D /* AkakceTests */,
				1E690D772CA31543009F53F3 /* Products */,
			);
			sourceTree = "<group>";
		};
		1E690D772CA31543009F53F3 /* Products */ = {
			isa = PBXGroup;
			children = (
				1E690D762CA31543009F53F3 /* Akakce.app */,
				1E690D8C2CA31544009F53F3 /* AkakceTests.xctest */,
				1E690D962CA31544009F53F3 /* AkakceUITests.xctest */,
			);
			name = Products;
			sourceTree = "<group>";
		};
		1E690D782CA31543009F53F3 /* Akakce */ = {
			isa = PBXGroup;
			children = (
				1E690DA92CA315FE009F53F3 /* Base */,
				1E690DB32CA317FB009F53F3 /* Constants */,
				1E69CE292CA4C2070045176D /* Extension */,
				1E690DB62CA31974009F53F3 /* Network */,
				1E690DAF2CA316F3009F53F3 /* Resources */,
				1E690DBF2CA31C2C009F53F3 /* Models */,
				1E690DC22CA31C72009F53F3 /* Scenes */,
				1E690D792CA31543009F53F3 /* AppDelegate.swift */,
				1E690D7B2CA31543009F53F3 /* SceneDelegate.swift */,
				1E690D842CA31544009F53F3 /* LaunchScreen.storyboard */,
				1E69CE4F2CA547AD0045176D /* Main.storyboard */,
				1E690D872CA31544009F53F3 /* Info.plist */,
			);
			path = Akakce;
			sourceTree = "<group>";
		};
		1E690DA92CA315FE009F53F3 /* Base */ = {
			isa = PBXGroup;
			children = (
				1E690DAA2CA31612009F53F3 /* AkakceBaseViewController.swift */,
				1E690DAC2CA3161E009F53F3 /* AkakceBaseViewModel.swift */,
			);
			path = Base;
			sourceTree = "<group>";
		};
		1E690DAF2CA316F3009F53F3 /* Resources */ = {
			isa = PBXGroup;
			children = (
				1E690DB02CA31704009F53F3 /* Theme */,
			);
			path = Resources;
			sourceTree = "<group>";
		};
		1E690DB02CA31704009F53F3 /* Theme */ = {
			isa = PBXGroup;
			children = (
				1E690D822CA31544009F53F3 /* Assets.xcassets */,
				1E690DB12CA31710009F53F3 /* ColorSet.swift */,
				1E69CE2F2CA4C7F60045176D /* IconSet.swift */,
			);
			path = Theme;
			sourceTree = "<group>";
		};
		1E690DB32CA317FB009F53F3 /* Constants */ = {
			isa = PBXGroup;
			children = (
				1E690DB42CA3180A009F53F3 /* Constants.swift */,
			);
			path = Constants;
			sourceTree = "<group>";
		};
		1E690DB62CA31974009F53F3 /* Network */ = {
			isa = PBXGroup;
			children = (
				1E690DB72CA31982009F53F3 /* NetworkManager.swift */,
			);
			path = Network;
			sourceTree = "<group>";
		};
		1E690DBF2CA31C2C009F53F3 /* Models */ = {
			isa = PBXGroup;
			children = (
				1E690DC02CA31C4C009F53F3 /* ProductsModel.swift */,
			);
			path = Models;
			sourceTree = "<group>";
		};
		1E690DC22CA31C72009F53F3 /* Scenes */ = {
			isa = PBXGroup;
			children = (
				1E690DCE2CA31CC7009F53F3 /* ProductList */,
				1E690DCF2CA31CD0009F53F3 /* ProductDetail */,
			);
			path = Scenes;
			sourceTree = "<group>";
		};
		1E690DCE2CA31CC7009F53F3 /* ProductList */ = {
			isa = PBXGroup;
			children = (
				1E4124642CA41768001E0A59 /* View */,
				1E690DC52CA31C9F009F53F3 /* AkakceProductListViewController.swift */,
				1E690DC82CA31CA6009F53F3 /* AkakceProductListViewController.xib */,
				1E690DCB2CA31CBA009F53F3 /* AkakceProductListViewModel.swift */,
			);
			path = ProductList;
			sourceTree = "<group>";
		};
		1E690DCF2CA31CD0009F53F3 /* ProductDetail */ = {
			isa = PBXGroup;
			children = (
				1E69CE2C2CA4C6C90045176D /* View */,
				1E690DD02CA31CE2009F53F3 /* AkakceProductDetailViewController.swift */,
				1E690DD32CA31CED009F53F3 /* AkakceProductDetailViewModel.swift */,
				1E690DD62CA31CF8009F53F3 /* AkakceProductDetailViewController.xib */,
			);
			path = ProductDetail;
			sourceTree = "<group>";
		};
		1E69CE292CA4C2070045176D /* Extension */ = {
			isa = PBXGroup;
			children = (
				1E69CE2A2CA4C2240045176D /* Double+Extension.swift */,
				1E69CE332CA4F7050045176D /* String+Extension.swift */,
			);
			path = Extension;
			sourceTree = "<group>";
		};
		1E69CE2C2CA4C6C90045176D /* View */ = {
			isa = PBXGroup;
			children = (
				1E69CE2D2CA4C6D60045176D /* StarRatingView.swift */,
			);
			path = View;
			sourceTree = "<group>";
		};
		1E69CE352CA516C00045176D /* AkakceTests */ = {
			isa = PBXGroup;
			children = (
				1E69CE362CA516F00045176D /* AkakceProductListViewModelTests.swift */,
				1E69CE4D2CA51DBD0045176D /* AkakceProductDetailViewModelTests.swift */,
			);
			path = AkakceTests;
			sourceTree = "<group>";
		};
		1E69CE382CA518800045176D /* AkakceUITests */ = {
			isa = PBXGroup;
			children = (
				1E69CE392CA518BA0045176D /* AkakceUITests.swift */,
			);
			path = AkakceUITests;
			sourceTree = "<group>";
		};
/* End PBXGroup section */

/* Begin PBXNativeTarget section */
		1E690D752CA31543009F53F3 /* Akakce */ = {
			isa = PBXNativeTarget;
			buildConfigurationList = 1E690DA02CA31544009F53F3 /* Build configuration list for PBXNativeTarget "Akakce" */;
			buildPhases = (
				1E690D722CA31543009F53F3 /* Sources */,
				1E690D732CA31543009F53F3 /* Frameworks */,
				1E690D742CA31543009F53F3 /* Resources */,
			);
			buildRules = (
			);
			dependencies = (
			);
			name = Akakce;
			packageProductDependencies = (
				1E690DBA2CA31A8E009F53F3 /* Alamofire */,
				1E690DBD2CA31A9E009F53F3 /* SDWebImage */,
			);
			productName = Akakce;
			productReference = 1E690D762CA31543009F53F3 /* Akakce.app */;
			productType = "com.apple.product-type.application";
		};
		1E690D8B2CA31544009F53F3 /* AkakceTests */ = {
			isa = PBXNativeTarget;
			buildConfigurationList = 1E690DA32CA31544009F53F3 /* Build configuration list for PBXNativeTarget "AkakceTests" */;
			buildPhases = (
				1E690D882CA31544009F53F3 /* Sources */,
				1E690D892CA31544009F53F3 /* Frameworks */,
				1E690D8A2CA31544009F53F3 /* Resources */,
			);
			buildRules = (
			);
			dependencies = (
				1E690D8E2CA31544009F53F3 /* PBXTargetDependency */,
			);
			name = AkakceTests;
			productName = AkakceTests;
			productReference = 1E690D8C2CA31544009F53F3 /* AkakceTests.xctest */;
			productType = "com.apple.product-type.bundle.unit-test";
		};
		1E690D952CA31544009F53F3 /* AkakceUITests */ = {
			isa = PBXNativeTarget;
			buildConfigurationList = 1E690DA62CA31544009F53F3 /* Build configuration list for PBXNativeTarget "AkakceUITests" */;
			buildPhases = (
				1E690D922CA31544009F53F3 /* Sources */,
				1E690D932CA31544009F53F3 /* Frameworks */,
				1E690D942CA31544009F53F3 /* Resources */,
			);
			buildRules = (
			);
			dependencies = (
				1E690D982CA31544009F53F3 /* PBXTargetDependency */,
			);
			name = AkakceUITests;
			productName = AkakceUITests;
			productReference = 1E690D962CA31544009F53F3 /* AkakceUITests.xctest */;
			productType = "com.apple.product-type.bundle.ui-testing";
		};
/* End PBXNativeTarget section */

/* Begin PBXProject section */
		1E690D6E2CA31543009F53F3 /* Project object */ = {
			isa = PBXProject;
			attributes = {
				BuildIndependentTargetsInParallel = 1;
				LastSwiftUpdateCheck = 1500;
				LastUpgradeCheck = 1500;
				TargetAttributes = {
					1E690D752CA31543009F53F3 = {
						CreatedOnToolsVersion = 15.0.1;
					};
					1E690D8B2CA31544009F53F3 = {
						CreatedOnToolsVersion = 15.0.1;
						TestTargetID = 1E690D752CA31543009F53F3;
					};
					1E690D952CA31544009F53F3 = {
						CreatedOnToolsVersion = 15.0.1;
						LastSwiftMigration = 1500;
						TestTargetID = 1E690D752CA31543009F53F3;
					};
				};
			};
			buildConfigurationList = 1E690D712CA31543009F53F3 /* Build configuration list for PBXProject "Akakce" */;
			compatibilityVersion = "Xcode 14.0";
			developmentRegion = en;
			hasScannedForEncodings = 0;
			knownRegions = (
				en,
				Base,
			);
			mainGroup = 1E690D6D2CA31543009F53F3;
			packageReferences = (
				1E690DB92CA31A8E009F53F3 /* XCRemoteSwiftPackageReference "Alamofire" */,
				1E690DBC2CA31A9E009F53F3 /* XCRemoteSwiftPackageReference "SDWebImage" */,
			);
			productRefGroup = 1E690D772CA31543009F53F3 /* Products */;
			projectDirPath = "";
			projectRoot = "";
			targets = (
				1E690D752CA31543009F53F3 /* Akakce */,
				1E690D8B2CA31544009F53F3 /* AkakceTests */,
				1E690D952CA31544009F53F3 /* AkakceUITests */,
			);
		};
/* End PBXProject section */

/* Begin PBXResourcesBuildPhase section */
		1E690D742CA31543009F53F3 /* Resources */ = {
			isa = PBXResourcesBuildPhase;
			buildActionMask = 2147483647;
			files = (
				1E690DC92CA31CA6009F53F3 /* AkakceProductListViewController.xib in Resources */,
				1E690DD72CA31CF8009F53F3 /* AkakceProductDetailViewController.xib in Resources */,
				1E690D862CA31544009F53F3 /* LaunchScreen.storyboard in Resources */,
				1E69CE502CA547AD0045176D /* Main.storyboard in Resources */,
				1E690D832CA31544009F53F3 /* Assets.xcassets in Resources */,
				1E4124682CA41782001E0A59 /* AkakceProductCollectionCell.xib in Resources */,
			);
			runOnlyForDeploymentPostprocessing = 0;
		};
		1E690D8A2CA31544009F53F3 /* Resources */ = {
			isa = PBXResourcesBuildPhase;
			buildActionMask = 2147483647;
			files = (
				1E690DCA2CA31CA6009F53F3 /* AkakceProductListViewController.xib in Resources */,
				1E690DD82CA31CF8009F53F3 /* AkakceProductDetailViewController.xib in Resources */,
			);
			runOnlyForDeploymentPostprocessing = 0;
		};
		1E690D942CA31544009F53F3 /* Resources */ = {
			isa = PBXResourcesBuildPhase;
			buildActionMask = 2147483647;
			files = (
			);
			runOnlyForDeploymentPostprocessing = 0;
		};
/* End PBXResourcesBuildPhase section */

/* Begin PBXSourcesBuildPhase section */
		1E690D722CA31543009F53F3 /* Sources */ = {
			isa = PBXSourcesBuildPhase;
			buildActionMask = 2147483647;
			files = (
				1E69CE302CA4C7F60045176D /* IconSet.swift in Sources */,
				1E690DC62CA31C9F009F53F3 /* AkakceProductListViewController.swift in Sources */,
				1E690DD12CA31CE2009F53F3 /* AkakceProductDetailViewController.swift in Sources */,
				1E690DAD2CA3161E009F53F3 /* AkakceBaseViewModel.swift in Sources */,
				1E690DC12CA31C4C009F53F3 /* ProductsModel.swift in Sources */,
				1E4124662CA41779001E0A59 /* AkakceProductCollectionCell.swift in Sources */,
				1E690D7A2CA31543009F53F3 /* AppDelegate.swift in Sources */,
				1E690D7C2CA31543009F53F3 /* SceneDelegate.swift in Sources */,
				1E690DB82CA31982009F53F3 /* NetworkManager.swift in Sources */,
				1E69CE342CA4F7050045176D /* String+Extension.swift in Sources */,
				1E69CE2E2CA4C6D60045176D /* StarRatingView.swift in Sources */,
				1E690DCC2CA31CBA009F53F3 /* AkakceProductListViewModel.swift in Sources */,
				1E690DD42CA31CED009F53F3 /* AkakceProductDetailViewModel.swift in Sources */,
				1E690DB52CA3180A009F53F3 /* Constants.swift in Sources */,
				1E690DB22CA31710009F53F3 /* ColorSet.swift in Sources */,
				1E69CE2B2CA4C2240045176D /* Double+Extension.swift in Sources */,
				1E690DAB2CA31612009F53F3 /* AkakceBaseViewController.swift in Sources */,
			);
			runOnlyForDeploymentPostprocessing = 0;
		};
		1E690D882CA31544009F53F3 /* Sources */ = {
			isa = PBXSourcesBuildPhase;
			buildActionMask = 2147483647;
			files = (
				1E69CE412CA5198A0045176D /* StarRatingView.swift in Sources */,
				1E69CE432CA5199F0045176D /* AkakceBaseViewController.swift in Sources */,
				1E690DC72CA31C9F009F53F3 /* AkakceProductListViewController.swift in Sources */,
				1E690DD52CA31CED009F53F3 /* AkakceProductDetailViewModel.swift in Sources */,
				1E69CE452CA519AA0045176D /* NetworkManager.swift in Sources */,
				1E69CE422CA519990045176D /* ProductsModel.swift in Sources */,
				1E69CE442CA519A60045176D /* AkakceBaseViewModel.swift in Sources */,
				1E69CE4B2CA51B050045176D /* IconSet.swift in Sources */,
				1E69CE372CA516F00045176D /* AkakceProductListViewModelTests.swift in Sources */,
				1E69CE3B2CA5195A0045176D /* AkakceProductCollectionCell.swift in Sources */,
				1E69CE492CA51AFC0045176D /* ColorSet.swift in Sources */,
				1E69CE4E2CA51DBD0045176D /* AkakceProductDetailViewModelTests.swift in Sources */,
				1E690DD22CA31CE2009F53F3 /* AkakceProductDetailViewController.swift in Sources */,
				1E690DCD2CA31CBA009F53F3 /* AkakceProductListViewModel.swift in Sources */,
				1E69CE462CA51A340045176D /* Constants.swift in Sources */,
			);
			runOnlyForDeploymentPostprocessing = 0;
		};
		1E690D922CA31544009F53F3 /* Sources */ = {
			isa = PBXSourcesBuildPhase;
			buildActionMask = 2147483647;
			files = (
				1E69CE3F2CA5196F0045176D /* AkakceProductListViewController.swift in Sources */,
				1E69CE4A2CA51AFD0045176D /* ColorSet.swift in Sources */,
				1E69CE482CA51AF40045176D /* AkakceBaseViewController.swift in Sources */,
				1E69CE3A2CA518BA0045176D /* AkakceUITests.swift in Sources */,
				1E69CE3D2CA519670045176D /* AkakceProductDetailViewController.swift in Sources */,
				1E69CE4C2CA51B050045176D /* IconSet.swift in Sources */,
				1E69CE472CA51AEC0045176D /* StarRatingView.swift in Sources */,
				1E69CE402CA519710045176D /* AkakceProductCollectionCell.swift in Sources */,
			);
			runOnlyForDeploymentPostprocessing = 0;
		};
/* End PBXSourcesBuildPhase section */

/* Begin PBXTargetDependency section */
		1E690D8E2CA31544009F53F3 /* PBXTargetDependency */ = {
			isa = PBXTargetDependency;
			target = 1E690D752CA31543009F53F3 /* Akakce */;
			targetProxy = 1E690D8D2CA31544009F53F3 /* PBXContainerItemProxy */;
		};
		1E690D982CA31544009F53F3 /* PBXTargetDependency */ = {
			isa = PBXTargetDependency;
			target = 1E690D752CA31543009F53F3 /* Akakce */;
			targetProxy = 1E690D972CA31544009F53F3 /* PBXContainerItemProxy */;
		};
/* End PBXTargetDependency section */

/* Begin PBXVariantGroup section */
		1E690D842CA31544009F53F3 /* LaunchScreen.storyboard */ = {
			isa = PBXVariantGroup;
			children = (
				1E690D852CA31544009F53F3 /* Base */,
			);
			name = LaunchScreen.storyboard;
			sourceTree = "<group>";
		};
/* End PBXVariantGroup section */

/* Begin XCBuildConfiguration section */
		1E690D9E2CA31544009F53F3 /* Debug */ = {
			isa = XCBuildConfiguration;
			buildSettings = {
				ALWAYS_SEARCH_USER_PATHS = NO;
				ASSETCATALOG_COMPILER_GENERATE_SWIFT_ASSET_SYMBOL_EXTENSIONS = YES;
				CLANG_ANALYZER_NONNULL = YES;
				CLANG_ANALYZER_NUMBER_OBJECT_CONVERSION = YES_AGGRESSIVE;
				CLANG_CXX_LANGUAGE_STANDARD = "gnu++20";
				CLANG_ENABLE_MODULES = YES;
				CLANG_ENABLE_OBJC_ARC = YES;
				CLANG_ENABLE_OBJC_WEAK = YES;
				CLANG_WARN_BLOCK_CAPTURE_AUTORELEASING = YES;
				CLANG_WARN_BOOL_CONVERSION = YES;
				CLANG_WARN_COMMA = YES;
				CLANG_WARN_CONSTANT_CONVERSION = YES;
				CLANG_WARN_DEPRECATED_OBJC_IMPLEMENTATIONS = YES;
				CLANG_WARN_DIRECT_OBJC_ISA_USAGE = YES_ERROR;
				CLANG_WARN_DOCUMENTATION_COMMENTS = YES;
				CLANG_WARN_EMPTY_BODY = YES;
				CLANG_WARN_ENUM_CONVERSION = YES;
				CLANG_WARN_INFINITE_RECURSION = YES;
				CLANG_WARN_INT_CONVERSION = YES;
				CLANG_WARN_NON_LITERAL_NULL_CONVERSION = YES;
				CLANG_WARN_OBJC_IMPLICIT_RETAIN_SELF = YES;
				CLANG_WARN_OBJC_LITERAL_CONVERSION = YES;
				CLANG_WARN_OBJC_ROOT_CLASS = YES_ERROR;
				CLANG_WARN_QUOTED_INCLUDE_IN_FRAMEWORK_HEADER = YES;
				CLANG_WARN_RANGE_LOOP_ANALYSIS = YES;
				CLANG_WARN_STRICT_PROTOTYPES = YES;
				CLANG_WARN_SUSPICIOUS_MOVE = YES;
				CLANG_WARN_UNGUARDED_AVAILABILITY = YES_AGGRESSIVE;
				CLANG_WARN_UNREACHABLE_CODE = YES;
				CLANG_WARN__DUPLICATE_METHOD_MATCH = YES;
				COPY_PHASE_STRIP = NO;
				DEBUG_INFORMATION_FORMAT = dwarf;
				ENABLE_STRICT_OBJC_MSGSEND = YES;
				ENABLE_TESTABILITY = YES;
				ENABLE_USER_SCRIPT_SANDBOXING = YES;
				GCC_C_LANGUAGE_STANDARD = gnu17;
				GCC_DYNAMIC_NO_PIC = NO;
				GCC_NO_COMMON_BLOCKS = YES;
				GCC_OPTIMIZATION_LEVEL = 0;
				GCC_PREPROCESSOR_DEFINITIONS = (
					"DEBUG=1",
					"$(inherited)",
				);
				GCC_WARN_64_TO_32_BIT_CONVERSION = YES;
				GCC_WARN_ABOUT_RETURN_TYPE = YES_ERROR;
				GCC_WARN_UNDECLARED_SELECTOR = YES;
				GCC_WARN_UNINITIALIZED_AUTOS = YES_AGGRESSIVE;
				GCC_WARN_UNUSED_FUNCTION = YES;
				GCC_WARN_UNUSED_VARIABLE = YES;
				IPHONEOS_DEPLOYMENT_TARGET = 17.0;
				LOCALIZATION_PREFERS_STRING_CATALOGS = YES;
				MTL_ENABLE_DEBUG_INFO = INCLUDE_SOURCE;
				MTL_FAST_MATH = YES;
				ONLY_ACTIVE_ARCH = YES;
				SDKROOT = iphoneos;
				SWIFT_ACTIVE_COMPILATION_CONDITIONS = "DEBUG $(inherited)";
				SWIFT_OPTIMIZATION_LEVEL = "-Onone";
			};
			name = Debug;
		};
		1E690D9F2CA31544009F53F3 /* Release */ = {
			isa = XCBuildConfiguration;
			buildSettings = {
				ALWAYS_SEARCH_USER_PATHS = NO;
				ASSETCATALOG_COMPILER_GENERATE_SWIFT_ASSET_SYMBOL_EXTENSIONS = YES;
				CLANG_ANALYZER_NONNULL = YES;
				CLANG_ANALYZER_NUMBER_OBJECT_CONVERSION = YES_AGGRESSIVE;
				CLANG_CXX_LANGUAGE_STANDARD = "gnu++20";
				CLANG_ENABLE_MODULES = YES;
				CLANG_ENABLE_OBJC_ARC = YES;
				CLANG_ENABLE_OBJC_WEAK = YES;
				CLANG_WARN_BLOCK_CAPTURE_AUTORELEASING = YES;
				CLANG_WARN_BOOL_CONVERSION = YES;
				CLANG_WARN_COMMA = YES;
				CLANG_WARN_CONSTANT_CONVERSION = YES;
				CLANG_WARN_DEPRECATED_OBJC_IMPLEMENTATIONS = YES;
				CLANG_WARN_DIRECT_OBJC_ISA_USAGE = YES_ERROR;
				CLANG_WARN_DOCUMENTATION_COMMENTS = YES;
				CLANG_WARN_EMPTY_BODY = YES;
				CLANG_WARN_ENUM_CONVERSION = YES;
				CLANG_WARN_INFINITE_RECURSION = YES;
				CLANG_WARN_INT_CONVERSION = YES;
				CLANG_WARN_NON_LITERAL_NULL_CONVERSION = YES;
				CLANG_WARN_OBJC_IMPLICIT_RETAIN_SELF = YES;
				CLANG_WARN_OBJC_LITERAL_CONVERSION = YES;
				CLANG_WARN_OBJC_ROOT_CLASS = YES_ERROR;
				CLANG_WARN_QUOTED_INCLUDE_IN_FRAMEWORK_HEADER = YES;
				CLANG_WARN_RANGE_LOOP_ANALYSIS = YES;
				CLANG_WARN_STRICT_PROTOTYPES = YES;
				CLANG_WARN_SUSPICIOUS_MOVE = YES;
				CLANG_WARN_UNGUARDED_AVAILABILITY = YES_AGGRESSIVE;
				CLANG_WARN_UNREACHABLE_CODE = YES;
				CLANG_WARN__DUPLICATE_METHOD_MATCH = YES;
				COPY_PHASE_STRIP = NO;
				DEBUG_INFORMATION_FORMAT = "dwarf-with-dsym";
				ENABLE_NS_ASSERTIONS = NO;
				ENABLE_STRICT_OBJC_MSGSEND = YES;
				ENABLE_USER_SCRIPT_SANDBOXING = YES;
				GCC_C_LANGUAGE_STANDARD = gnu17;
				GCC_NO_COMMON_BLOCKS = YES;
				GCC_WARN_64_TO_32_BIT_CONVERSION = YES;
				GCC_WARN_ABOUT_RETURN_TYPE = YES_ERROR;
				GCC_WARN_UNDECLARED_SELECTOR = YES;
				GCC_WARN_UNINITIALIZED_AUTOS = YES_AGGRESSIVE;
				GCC_WARN_UNUSED_FUNCTION = YES;
				GCC_WARN_UNUSED_VARIABLE = YES;
				IPHONEOS_DEPLOYMENT_TARGET = 17.0;
				LOCALIZATION_PREFERS_STRING_CATALOGS = YES;
				MTL_ENABLE_DEBUG_INFO = NO;
				MTL_FAST_MATH = YES;
				SDKROOT = iphoneos;
				SWIFT_COMPILATION_MODE = wholemodule;
				VALIDATE_PRODUCT = YES;
			};
			name = Release;
		};
		1E690DA12CA31544009F53F3 /* Debug */ = {
			isa = XCBuildConfiguration;
			buildSettings = {
				ASSETCATALOG_COMPILER_APPICON_NAME = AppIcon;
				ASSETCATALOG_COMPILER_GLOBAL_ACCENT_COLOR_NAME = AccentColor;
				CODE_SIGN_STYLE = Automatic;
				CURRENT_PROJECT_VERSION = 1;
				DEVELOPMENT_TEAM = ZQ4F8SZ265;
				GENERATE_INFOPLIST_FILE = YES;
				INFOPLIST_FILE = Akakce/Info.plist;
				INFOPLIST_KEY_UIApplicationSupportsIndirectInputEvents = YES;
				INFOPLIST_KEY_UILaunchStoryboardName = LaunchScreen;
				INFOPLIST_KEY_UIMainStoryboardFile = Main;
				INFOPLIST_KEY_UISupportedInterfaceOrientations_iPad = "UIInterfaceOrientationPortrait UIInterfaceOrientationPortraitUpsideDown UIInterfaceOrientationLandscapeLeft UIInterfaceOrientationLandscapeRight";
				INFOPLIST_KEY_UISupportedInterfaceOrientations_iPhone = "UIInterfaceOrientationPortrait UIInterfaceOrientationLandscapeLeft UIInterfaceOrientationLandscapeRight";
				LD_RUNPATH_SEARCH_PATHS = (
					"$(inherited)",
					"@executable_path/Frameworks",
				);
				MARKETING_VERSION = 1.0;
				PRODUCT_BUNDLE_IDENTIFIER = com.sercangunonu.Akakce;
				PRODUCT_NAME = "$(TARGET_NAME)";
				SWIFT_EMIT_LOC_STRINGS = YES;
				SWIFT_VERSION = 5.0;
				TARGETED_DEVICE_FAMILY = "1,2";
			};
			name = Debug;
		};
		1E690DA22CA31544009F53F3 /* Release */ = {
			isa = XCBuildConfiguration;
			buildSettings = {
				ASSETCATALOG_COMPILER_APPICON_NAME = AppIcon;
				ASSETCATALOG_COMPILER_GLOBAL_ACCENT_COLOR_NAME = AccentColor;
				CODE_SIGN_STYLE = Automatic;
				CURRENT_PROJECT_VERSION = 1;
				DEVELOPMENT_TEAM = ZQ4F8SZ265;
				GENERATE_INFOPLIST_FILE = YES;
				INFOPLIST_FILE = Akakce/Info.plist;
				INFOPLIST_KEY_UIApplicationSupportsIndirectInputEvents = YES;
				INFOPLIST_KEY_UILaunchStoryboardName = LaunchScreen;
				INFOPLIST_KEY_UIMainStoryboardFile = Main;
				INFOPLIST_KEY_UISupportedInterfaceOrientations_iPad = "UIInterfaceOrientationPortrait UIInterfaceOrientationPortraitUpsideDown UIInterfaceOrientationLandscapeLeft UIInterfaceOrientationLandscapeRight";
				INFOPLIST_KEY_UISupportedInterfaceOrientations_iPhone = "UIInterfaceOrientationPortrait UIInterfaceOrientationLandscapeLeft UIInterfaceOrientationLandscapeRight";
				LD_RUNPATH_SEARCH_PATHS = (
					"$(inherited)",
					"@executable_path/Frameworks",
				);
				MARKETING_VERSION = 1.0;
				PRODUCT_BUNDLE_IDENTIFIER = com.sercangunonu.Akakce;
				PRODUCT_NAME = "$(TARGET_NAME)";
				SWIFT_EMIT_LOC_STRINGS = YES;
				SWIFT_VERSION = 5.0;
				TARGETED_DEVICE_FAMILY = "1,2";
			};
			name = Release;
		};
		1E690DA42CA31544009F53F3 /* Debug */ = {
			isa = XCBuildConfiguration;
			buildSettings = {
				ALWAYS_EMBED_SWIFT_STANDARD_LIBRARIES = YES;
				BUNDLE_LOADER = "$(TEST_HOST)";
				CODE_SIGN_STYLE = Automatic;
				CURRENT_PROJECT_VERSION = 1;
				DEVELOPMENT_TEAM = ZQ4F8SZ265;
				GENERATE_INFOPLIST_FILE = YES;
				IPHONEOS_DEPLOYMENT_TARGET = 17.0;
				MARKETING_VERSION = 1.0;
				PRODUCT_BUNDLE_IDENTIFIER = com.sercangunonu.AkakceTests;
				PRODUCT_NAME = "$(TARGET_NAME)";
				SWIFT_EMIT_LOC_STRINGS = NO;
				SWIFT_VERSION = 5.0;
				TARGETED_DEVICE_FAMILY = "1,2";
				TEST_HOST = "$(BUILT_PRODUCTS_DIR)/Akakce.app/$(BUNDLE_EXECUTABLE_FOLDER_PATH)/Akakce";
			};
			name = Debug;
		};
		1E690DA52CA31544009F53F3 /* Release */ = {
			isa = XCBuildConfiguration;
			buildSettings = {
				ALWAYS_EMBED_SWIFT_STANDARD_LIBRARIES = YES;
				BUNDLE_LOADER = "$(TEST_HOST)";
				CODE_SIGN_STYLE = Automatic;
				CURRENT_PROJECT_VERSION = 1;
				DEVELOPMENT_TEAM = ZQ4F8SZ265;
				GENERATE_INFOPLIST_FILE = YES;
				IPHONEOS_DEPLOYMENT_TARGET = 17.0;
				MARKETING_VERSION = 1.0;
				PRODUCT_BUNDLE_IDENTIFIER = com.sercangunonu.AkakceTests;
				PRODUCT_NAME = "$(TARGET_NAME)";
				SWIFT_EMIT_LOC_STRINGS = NO;
				SWIFT_VERSION = 5.0;
				TARGETED_DEVICE_FAMILY = "1,2";
				TEST_HOST = "$(BUILT_PRODUCTS_DIR)/Akakce.app/$(BUNDLE_EXECUTABLE_FOLDER_PATH)/Akakce";
			};
			name = Release;
		};
		1E690DA72CA31544009F53F3 /* Debug */ = {
			isa = XCBuildConfiguration;
			buildSettings = {
				ALWAYS_EMBED_SWIFT_STANDARD_LIBRARIES = YES;
				CLANG_ENABLE_MODULES = YES;
				CODE_SIGN_STYLE = Automatic;
				CURRENT_PROJECT_VERSION = 1;
				DEVELOPMENT_TEAM = ZQ4F8SZ265;
				GENERATE_INFOPLIST_FILE = YES;
				MARKETING_VERSION = 1.0;
				PRODUCT_BUNDLE_IDENTIFIER = com.sercangunonu.AkakceUITests;
				PRODUCT_NAME = "$(TARGET_NAME)";
				SWIFT_EMIT_LOC_STRINGS = NO;
				SWIFT_OPTIMIZATION_LEVEL = "-Onone";
				SWIFT_VERSION = 5.0;
				TARGETED_DEVICE_FAMILY = "1,2";
				TEST_TARGET_NAME = Akakce;
			};
			name = Debug;
		};
		1E690DA82CA31544009F53F3 /* Release */ = {
			isa = XCBuildConfiguration;
			buildSettings = {
				ALWAYS_EMBED_SWIFT_STANDARD_LIBRARIES = YES;
				CLANG_ENABLE_MODULES = YES;
				CODE_SIGN_STYLE = Automatic;
				CURRENT_PROJECT_VERSION = 1;
				DEVELOPMENT_TEAM = ZQ4F8SZ265;
				GENERATE_INFOPLIST_FILE = YES;
				MARKETING_VERSION = 1.0;
				PRODUCT_BUNDLE_IDENTIFIER = com.sercangunonu.AkakceUITests;
				PRODUCT_NAME = "$(TARGET_NAME)";
				SWIFT_EMIT_LOC_STRINGS = NO;
				SWIFT_VERSION = 5.0;
				TARGETED_DEVICE_FAMILY = "1,2";
				TEST_TARGET_NAME = Akakce;
			};
			name = Release;
		};
/* End XCBuildConfiguration section */

/* Begin XCConfigurationList section */
		1E690D712CA31543009F53F3 /* Build configuration list for PBXProject "Akakce" */ = {
			isa = XCConfigurationList;
			buildConfigurations = (
				1E690D9E2CA31544009F53F3 /* Debug */,
				1E690D9F2CA31544009F53F3 /* Release */,
			);
			defaultConfigurationIsVisible = 0;
			defaultConfigurationName = Release;
		};
		1E690DA02CA31544009F53F3 /* Build configuration list for PBXNativeTarget "Akakce" */ = {
			isa = XCConfigurationList;
			buildConfigurations = (
				1E690DA12CA31544009F53F3 /* Debug */,
				1E690DA22CA31544009F53F3 /* Release */,
			);
			defaultConfigurationIsVisible = 0;
			defaultConfigurationName = Release;
		};
		1E690DA32CA31544009F53F3 /* Build configuration list for PBXNativeTarget "AkakceTests" */ = {
			isa = XCConfigurationList;
			buildConfigurations = (
				1E690DA42CA31544009F53F3 /* Debug */,
				1E690DA52CA31544009F53F3 /* Release */,
			);
			defaultConfigurationIsVisible = 0;
			defaultConfigurationName = Release;
		};
		1E690DA62CA31544009F53F3 /* Build configuration list for PBXNativeTarget "AkakceUITests" */ = {
			isa = XCConfigurationList;
			buildConfigurations = (
				1E690DA72CA31544009F53F3 /* Debug */,
				1E690DA82CA31544009F53F3 /* Release */,
			);
			defaultConfigurationIsVisible = 0;
			defaultConfigurationName = Release;
		};
/* End XCConfigurationList section */

/* Begin XCRemoteSwiftPackageReference section */
		1E690DB92CA31A8E009F53F3 /* XCRemoteSwiftPackageReference "Alamofire" */ = {
			isa = XCRemoteSwiftPackageReference;
			repositoryURL = "https://github.com/Alamofire/Alamofire";
			requirement = {
				kind = upToNextMajorVersion;
				minimumVersion = 5.9.1;
			};
		};
		1E690DBC2CA31A9E009F53F3 /* XCRemoteSwiftPackageReference "SDWebImage" */ = {
			isa = XCRemoteSwiftPackageReference;
			repositoryURL = "https://github.com/SDWebImage/SDWebImage";
			requirement = {
				kind = upToNextMajorVersion;
				minimumVersion = 5.19.7;
			};
		};
/* End XCRemoteSwiftPackageReference section */

/* Begin XCSwiftPackageProductDependency section */
		1E690DBA2CA31A8E009F53F3 /* Alamofire */ = {
			isa = XCSwiftPackageProductDependency;
			package = 1E690DB92CA31A8E009F53F3 /* XCRemoteSwiftPackageReference "Alamofire" */;
			productName = Alamofire;
		};
		1E690DBD2CA31A9E009F53F3 /* SDWebImage */ = {
			isa = XCSwiftPackageProductDependency;
			package = 1E690DBC2CA31A9E009F53F3 /* XCRemoteSwiftPackageReference "SDWebImage" */;
			productName = SDWebImage;
		};
/* End XCSwiftPackageProductDependency section */
	};
	rootObject = 1E690D6E2CA31543009F53F3 /* Project object */;
}
